Microsoft Visual Studio Solution File, Format Version 9.00
# Visual Studio 2005
Project("{FAE04EC0-301F-11D3-BF4B-00C04F79EFBC}") = "WindowsApplication1", "WindowsApplication1\WindowsApplication1.csproj", "{5BB36C61-8DAC-467C-8692-871B3126A281}"
EndProject
Global
	GlobalSection(SolutionConfigurationPlatforms) = preSolution
		Debug|Any CPU = Debug|Any CPU
		Release|Any CPU = Release|Any CPU
	EndGlobalSection
	GlobalSection(ProjectConfigurationPlatforms) = postSolution
		{5BB36C61-8DAC-467C-8692-871B3126A281}.Debug|Any CPU.ActiveCfg = Debug|Any CPU
		{5BB36C61-8DAC-467C-8692-871B3126A281}.Debug|Any CPU.Build.0 = Debug|Any CPU
		{5BB36C61-8DAC-467C-8692-871B3126A281}.Release|Any CPU.ActiveCfg = Release|Any CPU
		{5BB36C61-8DAC-467C-8692-871B3126A281}.Release|Any CPU.Build.0 = Release|Any CPU
	EndGlobalSection
	GlobalSection(SolutionProperties) = preSolution
		HideSolutionNode = FALSE
	EndGlobalSection
EndGlobal
